
Microsoft Visual Studio Solution File, Format Version 12.00
# Visual Studio Version 17
VisualStudioVersion = 17.14.36915.13 d17.14
MinimumVisualStudioVersion = 10.0.40219.1
Project("{C9674DCB-5085-4A16-B785-4C70DD1589BD}") = "day 1", "day 1.dtproj", "{ABC9F592-0D14-F471-F5C7-C49272FB89C1}"
EndProject
Global
	GlobalSection(SolutionConfigurationPlatforms) = preSolution
		Development|Default = Development|Default
	EndGlobalSection
	GlobalSection(ProjectConfigurationPlatforms) = postSolution
		{ABC9F592-0D14-F471-F5C7-C49272FB89C1}.Development|Default.ActiveCfg = Development
		{ABC9F592-0D14-F471-F5C7-C49272FB89C1}.Development|Default.Build.0 = Development
	EndGlobalSection
	GlobalSection(SolutionProperties) = preSolution
		HideSolutionNode = FALSE
	EndGlobalSection
	GlobalSection(ExtensibilityGlobals) = postSolution
		SolutionGuid = {6B8746CA-6728-4718-A295-598A8B88F56B}
	EndGlobalSection
EndGlobal
